
Microsoft Visual Studio Solution File, Format Version 12.00
# Visual Studio Version 17
VisualStudioVersion = 17.12.35527.113 d17.12
MinimumVisualStudioVersion = 10.0.40219.1
Project("{8BC9CEB8-8B4A-11D0-8D11-00A0C91BC942}") = "1.Vector", "Vector\Vector.vcxproj", "{782D6816-83BD-406B-9575-48E6A1800C59}"
EndProject
Project("{8BC9CEB8-8B4A-11D0-8D11-00A0C91BC942}") = "2.VectorProblem", "2.VectorProblem\2.VectorProblem.vcxproj", "{305D7F0A-6FE8-499A-8339-54DE61829580}"
EndProject
Global
	GlobalSection(SolutionConfigurationPlatforms) = preSolution
		Debug|x64 = Debug|x64
		Debug|x86 = Debug|x86
		Release|x64 = Release|x64
		Release|x86 = Release|x86
	EndGlobalSection
	GlobalSection(ProjectConfigurationPlatforms) = postSolution
		{782D6816-83BD-406B-9575-48E6A1800C59}.Debug|x64.ActiveCfg = Debug|x64
		{782D6816-83BD-406B-9575-48E6A1800C59}.Debug|x64.Build.0 = Debug|x64
		{782D6816-83BD-406B-9575-48E6A1800C59}.Debug|x86.ActiveCfg = Debug|Win32
		{782D6816-83BD-406B-9575-48E6A1800C59}.Debug|x86.Build.0 = Debug|Win32
		{782D6816-83BD-406B-9575-48E6A1800C59}.Release|x64.ActiveCfg = Release|x64
		{782D6816-83BD-406B-9575-48E6A1800C59}.Release|x64.Build.0 = Release|x64
		{782D6816-83BD-406B-9575-48E6A1800C59}.Release|x86.ActiveCfg = Release|Win32
		{782D6816-83BD-406B-9575-48E6A1800C59}.Release|x86.Build.0 = Release|Win32
		{305D7F0A-6FE8-499A-8339-54DE61829580}.Debug|x64.ActiveCfg = Debug|x64
		{305D7F0A-6FE8-499A-8339-54DE61829580}.Debug|x64.Build.0 = Debug|x64
		{305D7F0A-6FE8-499A-8339-54DE61829580}.Debug|x86.ActiveCfg = Debug|Win32
		{305D7F0A-6FE8-499A-8339-54DE61829580}.Debug|x86.Build.0 = Debug|Win32
		{305D7F0A-6FE8-499A-8339-54DE61829580}.Release|x64.ActiveCfg = Release|x64
		{305D7F0A-6FE8-499A-8339-54DE61829580}.Release|x64.Build.0 = Release|x64
		{305D7F0A-6FE8-499A-8339-54DE61829580}.Release|x86.ActiveCfg = Release|Win32
		{305D7F0A-6FE8-499A-8339-54DE61829580}.Release|x86.Build.0 = Release|Win32
	EndGlobalSection
	GlobalSection(SolutionProperties) = preSolution
		HideSolutionNode = FALSE
	EndGlobalSection
EndGlobal
